
Microsoft Visual Studio Solution File, Format Version 12.00
# Visual Studio Version 16
VisualStudioVersion = 16.0.31005.135
MinimumVisualStudioVersion = 10.0.40219.1
Project("{FAE04EC0-301F-11D3-BF4B-00C04F79EFBC}") = "Modul1_Grundlagen", "HelloWPF\Modul1_Grundlagen.csproj", "{F1B2DF8A-A6D5-48F4-8C66-BEF255850754}"
EndProject
Project("{FAE04EC0-301F-11D3-BF4B-00C04F79EFBC}") = "Modul2_Controls", "Controls\Modul2_Controls.csproj", "{7C8C19F0-8FF5-4C67-9A86-7A96F31CFF19}"
EndProject
Project("{FAE04EC0-301F-11D3-BF4B-00C04F79EFBC}") = "Personendatenbank", "Personendatenbank\Personendatenbank.csproj", "{3D7A4B32-662A-4136-A3FC-885BFBE2B7E0}"
EndProject
Global
	GlobalSection(SolutionConfigurationPlatforms) = preSolution
		Debug|Any CPU = Debug|Any CPU
		Release|Any CPU = Release|Any CPU
	EndGlobalSection
	GlobalSection(ProjectConfigurationPlatforms) = postSolution
		{F1B2DF8A-A6D5-48F4-8C66-BEF255850754}.Debug|Any CPU.ActiveCfg = Debug|Any CPU
		{F1B2DF8A-A6D5-48F4-8C66-BEF255850754}.Debug|Any CPU.Build.0 = Debug|Any CPU
		{F1B2DF8A-A6D5-48F4-8C66-BEF255850754}.Release|Any CPU.ActiveCfg = Release|Any CPU
		{F1B2DF8A-A6D5-48F4-8C66-BEF255850754}.Release|Any CPU.Build.0 = Release|Any CPU
		{7C8C19F0-8FF5-4C67-9A86-7A96F31CFF19}.Debug|Any CPU.ActiveCfg = Debug|Any CPU
		{7C8C19F0-8FF5-4C67-9A86-7A96F31CFF19}.Debug|Any CPU.Build.0 = Debug|Any CPU
		{7C8C19F0-8FF5-4C67-9A86-7A96F31CFF19}.Release|Any CPU.ActiveCfg = Release|Any CPU
		{7C8C19F0-8FF5-4C67-9A86-7A96F31CFF19}.Release|Any CPU.Build.0 = Release|Any CPU
		{3D7A4B32-662A-4136-A3FC-885BFBE2B7E0}.Debug|Any CPU.ActiveCfg = Debug|Any CPU
		{3D7A4B32-662A-4136-A3FC-885BFBE2B7E0}.Debug|Any CPU.Build.0 = Debug|Any CPU
		{3D7A4B32-662A-4136-A3FC-885BFBE2B7E0}.Release|Any CPU.ActiveCfg = Release|Any CPU
		{3D7A4B32-662A-4136-A3FC-885BFBE2B7E0}.Release|Any CPU.Build.0 = Release|Any CPU
	EndGlobalSection
	GlobalSection(SolutionProperties) = preSolution
		HideSolutionNode = FALSE
	EndGlobalSection
	GlobalSection(ExtensibilityGlobals) = postSolution
		SolutionGuid = {861CB792-68EE-4883-BB20-D4C47930CC5E}
	EndGlobalSection
EndGlobal
